
Microsoft Visual Studio Solution File, Format Version 12.00
# Visual Studio 15
VisualStudioVersion = 15.0.27130.2036
MinimumVisualStudioVersion = 10.0.40219.1
Project("{FAE04EC0-301F-11D3-BF4B-00C04F79EFBC}") = "WindowsService1", "..\WindowsService1\WindowsService1\WindowsService1.csproj", "{5087ECCC-06F2-4AC2-BA18-BE8C52736D2C}"
EndProject
Project("{54435603-DBB4-11D2-8724-00A0C9A8B90C}") = "Installation du programme de Gestion des clôtures", "Setup1\Setup1.vdproj", "{63C64500-B6E8-409F-AC99-CA0FB3C12C75}"
EndProject
Project("{FAE04EC0-301F-11D3-BF4B-00C04F79EFBC}") = "ConsoleApp8", "..\ConsoleApp8\ConsoleApp8\ConsoleApp8.csproj", "{E35F063E-7EB5-4AA5-9DF4-B88313AD7826}"
EndProject
Global
	GlobalSection(SolutionConfigurationPlatforms) = preSolution
		Debug|Any CPU = Debug|Any CPU
		Release|Any CPU = Release|Any CPU
	EndGlobalSection
	GlobalSection(ProjectConfigurationPlatforms) = postSolution
		{5087ECCC-06F2-4AC2-BA18-BE8C52736D2C}.Debug|Any CPU.ActiveCfg = Debug|Any CPU
		{5087ECCC-06F2-4AC2-BA18-BE8C52736D2C}.Debug|Any CPU.Build.0 = Debug|Any CPU
		{5087ECCC-06F2-4AC2-BA18-BE8C52736D2C}.Release|Any CPU.ActiveCfg = Release|Any CPU
		{5087ECCC-06F2-4AC2-BA18-BE8C52736D2C}.Release|Any CPU.Build.0 = Release|Any CPU
		{63C64500-B6E8-409F-AC99-CA0FB3C12C75}.Debug|Any CPU.ActiveCfg = Debug
		{63C64500-B6E8-409F-AC99-CA0FB3C12C75}.Release|Any CPU.ActiveCfg = Release
		{E35F063E-7EB5-4AA5-9DF4-B88313AD7826}.Debug|Any CPU.ActiveCfg = Debug|Any CPU
		{E35F063E-7EB5-4AA5-9DF4-B88313AD7826}.Debug|Any CPU.Build.0 = Debug|Any CPU
		{E35F063E-7EB5-4AA5-9DF4-B88313AD7826}.Release|Any CPU.ActiveCfg = Release|Any CPU
		{E35F063E-7EB5-4AA5-9DF4-B88313AD7826}.Release|Any CPU.Build.0 = Release|Any CPU
	EndGlobalSection
	GlobalSection(SolutionProperties) = preSolution
		HideSolutionNode = FALSE
	EndGlobalSection
	GlobalSection(ExtensibilityGlobals) = postSolution
		SolutionGuid = {36F3483E-54E6-4A9B-B0B2-A8C351E34CCC}
	EndGlobalSection
EndGlobal
